
Microsoft Visual Studio Solution File, Format Version 12.00
# Visual Studio Version 17
VisualStudioVersion = 17.7.34003.232
MinimumVisualStudioVersion = 10.0.40219.1
Project("{FAE04EC0-301F-11D3-BF4B-00C04F79EFBC}") = "LabAppPOO", "LabAppPOO\LabAppPOO.csproj", "{6C1F9554-D31E-44FA-891D-F9F9028FDAF7}"
EndProject
Global
	GlobalSection(SolutionConfigurationPlatforms) = preSolution
		Debug|Any CPU = Debug|Any CPU
		Release|Any CPU = Release|Any CPU
	EndGlobalSection
	GlobalSection(ProjectConfigurationPlatforms) = postSolution
		{6C1F9554-D31E-44FA-891D-F9F9028FDAF7}.Debug|Any CPU.ActiveCfg = Debug|Any CPU
		{6C1F9554-D31E-44FA-891D-F9F9028FDAF7}.Debug|Any CPU.Build.0 = Debug|Any CPU
		{6C1F9554-D31E-44FA-891D-F9F9028FDAF7}.Release|Any CPU.ActiveCfg = Release|Any CPU
		{6C1F9554-D31E-44FA-891D-F9F9028FDAF7}.Release|Any CPU.Build.0 = Release|Any CPU
	EndGlobalSection
	GlobalSection(SolutionProperties) = preSolution
		HideSolutionNode = FALSE
	EndGlobalSection
	GlobalSection(ExtensibilityGlobals) = postSolution
		SolutionGuid = {E9F68D6A-9D47-4574-BE1C-6AAE646C7C4F}
	EndGlobalSection
EndGlobal
